// !$*UTF8*$!
{
	archiveVersion = 1;
	classes = {
	};
	objectVersion = 56;
	objects = {

/* Begin PBXBuildFile section */
		D1032AE229561B2A0092E64B /* HomePageTableViewController.swift in Sources */ = {isa = PBXBuildFile; fileRef = D1032AE129561B2A0092E64B /* HomePageTableViewController.swift */; };
		D1032AE4295621600092E64B /* categoryCell.swift in Sources */ = {isa = PBXBuildFile; fileRef = D1032AE3295621600092E64B /* categoryCell.swift */; };
		D1032AE629563F4F0092E64B /* AddCategory.swift in Sources */ = {isa = PBXBuildFile; fileRef = D1032AE529563F4F0092E64B /* AddCategory.swift */; };
		D1032AEA295645C00092E64B /* EditCategory.swift in Sources */ = {isa = PBXBuildFile; fileRef = D1032AE9295645C00092E64B /* EditCategory.swift */; };
		D13246BA295903510055D823 /* RecipeDetailsImageCell.swift in Sources */ = {isa = PBXBuildFile; fileRef = D13246B9295903510055D823 /* RecipeDetailsImageCell.swift */; };
		D13246BC295903720055D823 /* RecipeDetailsNutritionCell.swift in Sources */ = {isa = PBXBuildFile; fileRef = D13246BB295903710055D823 /* RecipeDetailsNutritionCell.swift */; };
		D13246BE295903B00055D823 /* RecipeDetailsIngredientsCell.swift in Sources */ = {isa = PBXBuildFile; fileRef = D13246BD295903B00055D823 /* RecipeDetailsIngredientsCell.swift */; };
		D13246C0295904410055D823 /* RecipeDetails.swift in Sources */ = {isa = PBXBuildFile; fileRef = D13246BF295904410055D823 /* RecipeDetails.swift */; };
		D13246C22959F54E0055D823 /* User.swift in Sources */ = {isa = PBXBuildFile; fileRef = D13246C12959F54E0055D823 /* User.swift */; };
		D13246C42959F5E10055D823 /* Category.swift in Sources */ = {isa = PBXBuildFile; fileRef = D13246C32959F5E10055D823 /* Category.swift */; };
		D13246C82959F8930055D823 /* RecipeDetailsInstructionsCell.swift in Sources */ = {isa = PBXBuildFile; fileRef = D13246C72959F8930055D823 /* RecipeDetailsInstructionsCell.swift */; };
		D13246CC295B4D2E0055D823 /* UserLogin.swift in Sources */ = {isa = PBXBuildFile; fileRef = D13246CB295B4D2E0055D823 /* UserLogin.swift */; };
		D13246CE295B5E3D0055D823 /* UserSignUp.swift in Sources */ = {isa = PBXBuildFile; fileRef = D13246CD295B5E3C0055D823 /* UserSignUp.swift */; };
		D1502E0F29577C620015FFA0 /* recipeList.swift in Sources */ = {isa = PBXBuildFile; fileRef = D1502E0E29577C620015FFA0 /* recipeList.swift */; };
		D1502E1129577CC40015FFA0 /* RecipeCell.swift in Sources */ = {isa = PBXBuildFile; fileRef = D1502E1029577CC40015FFA0 /* RecipeCell.swift */; };
		D1502E1329577ED20015FFA0 /* Recipe.swift in Sources */ = {isa = PBXBuildFile; fileRef = D1502E1229577ED20015FFA0 /* Recipe.swift */; };
		D183C006295CCF830079BED2 /* RecipeAppTab.swift in Sources */ = {isa = PBXBuildFile; fileRef = D183C005295CCF830079BED2 /* RecipeAppTab.swift */; };
		D183C008295CD0930079BED2 /* RecipeAppNav.swift in Sources */ = {isa = PBXBuildFile; fileRef = D183C007295CD0930079BED2 /* RecipeAppNav.swift */; };
		D183C00A295CF40A0079BED2 /* AddRecipe.swift in Sources */ = {isa = PBXBuildFile; fileRef = D183C009295CF40A0079BED2 /* AddRecipe.swift */; };
		D183C00C295CF4310079BED2 /* EditRecipe.swift in Sources */ = {isa = PBXBuildFile; fileRef = D183C00B295CF4310079BED2 /* EditRecipe.swift */; };
		D183C00E295CF44F0079BED2 /* AddRecipeImageCell.swift in Sources */ = {isa = PBXBuildFile; fileRef = D183C00D295CF44F0079BED2 /* AddRecipeImageCell.swift */; };
		D183C010295CF4620079BED2 /* EditRecipeImageCell.swift in Sources */ = {isa = PBXBuildFile; fileRef = D183C00F295CF4620079BED2 /* EditRecipeImageCell.swift */; };
		D183C012295CF4760079BED2 /* AddRecipeNameCell.swift in Sources */ = {isa = PBXBuildFile; fileRef = D183C011295CF4760079BED2 /* AddRecipeNameCell.swift */; };
		D183C014295CF4860079BED2 /* EditRecipeNameCell.swift in Sources */ = {isa = PBXBuildFile; fileRef = D183C013295CF4860079BED2 /* EditRecipeNameCell.swift */; };
		D183C016295CF49E0079BED2 /* AddRecipeCategoryCell.swift in Sources */ = {isa = PBXBuildFile; fileRef = D183C015295CF49E0079BED2 /* AddRecipeCategoryCell.swift */; };
		D183C018295CF4B10079BED2 /* EditRecipeCategoryCell.swift in Sources */ = {isa = PBXBuildFile; fileRef = D183C017295CF4B10079BED2 /* EditRecipeCategoryCell.swift */; };
		D183C01A295CF4E50079BED2 /* AddRecipeNutritionCell.swift in Sources */ = {isa = PBXBuildFile; fileRef = D183C019295CF4E50079BED2 /* AddRecipeNutritionCell.swift */; };
		D183C01C295CF4FB0079BED2 /* EditRecipeNutritionCell.swift in Sources */ = {isa = PBXBuildFile; fileRef = D183C01B295CF4FB0079BED2 /* EditRecipeNutritionCell.swift */; };
		D183C01E295CF52F0079BED2 /* AddRecipeIngredientsCell.swift in Sources */ = {isa = PBXBuildFile; fileRef = D183C01D295CF52F0079BED2 /* AddRecipeIngredientsCell.swift */; };
		D183C020295CF5420079BED2 /* EditRecipeingredientsCell.swift in Sources */ = {isa = PBXBuildFile; fileRef = D183C01F295CF5420079BED2 /* EditRecipeingredientsCell.swift */; };
		D183C022295CF5650079BED2 /* AddRecipeInstructionsCell.swift in Sources */ = {isa = PBXBuildFile; fileRef = D183C021295CF5650079BED2 /* AddRecipeInstructionsCell.swift */; };
		D183C024295CF5750079BED2 /* EditRecipeInstructionsCell.swift in Sources */ = {isa = PBXBuildFile; fileRef = D183C023295CF5750079BED2 /* EditRecipeInstructionsCell.swift */; };
		D183C026295F9C640079BED2 /* addRecipeSubmitCell.swift in Sources */ = {isa = PBXBuildFile; fileRef = D183C025295F9C640079BED2 /* addRecipeSubmitCell.swift */; };
		D1DC22DB2954C7A200FA18DA /* AppDelegate.swift in Sources */ = {isa = PBXBuildFile; fileRef = D1DC22DA2954C7A200FA18DA /* AppDelegate.swift */; };
		D1DC22DD2954C7A200FA18DA /* SceneDelegate.swift in Sources */ = {isa = PBXBuildFile; fileRef = D1DC22DC2954C7A200FA18DA /* SceneDelegate.swift */; };
		D1DC22E22954C7A200FA18DA /* Main.storyboard in Resources */ = {isa = PBXBuildFile; fileRef = D1DC22E02954C7A200FA18DA /* Main.storyboard */; };
		D1DC22E42954C7A600FA18DA /* Assets.xcassets in Resources */ = {isa = PBXBuildFile; fileRef = D1DC22E32954C7A600FA18DA /* Assets.xcassets */; };
		D1DC22E72954C7A600FA18DA /* LaunchScreen.storyboard in Resources */ = {isa = PBXBuildFile; fileRef = D1DC22E52954C7A600FA18DA /* LaunchScreen.storyboard */; };
/* End PBXBuildFile section */

/* Begin PBXFileReference section */
		D1032AE129561B2A0092E64B /* HomePageTableViewController.swift */ = {isa = PBXFileReference; lastKnownFileType = sourcecode.swift; path = HomePageTableViewController.swift; sourceTree = "<group>"; };
		D1032AE3295621600092E64B /* categoryCell.swift */ = {isa = PBXFileReference; lastKnownFileType = sourcecode.swift; path = categoryCell.swift; sourceTree = "<group>"; };
		D1032AE529563F4F0092E64B /* AddCategory.swift */ = {isa = PBXFileReference; lastKnownFileType = sourcecode.swift; path = AddCategory.swift; sourceTree = "<group>"; };
		D1032AE9295645C00092E64B /* EditCategory.swift */ = {isa = PBXFileReference; lastKnownFileType = sourcecode.swift; path = EditCategory.swift; sourceTree = "<group>"; };
		D13246B9295903510055D823 /* RecipeDetailsImageCell.swift */ = {isa = PBXFileReference; lastKnownFileType = sourcecode.swift; path = RecipeDetailsImageCell.swift; sourceTree = "<group>"; };
		D13246BB295903710055D823 /* RecipeDetailsNutritionCell.swift */ = {isa = PBXFileReference; lastKnownFileType = sourcecode.swift; path = RecipeDetailsNutritionCell.swift; sourceTree = "<group>"; };
		D13246BD295903B00055D823 /* RecipeDetailsIngredientsCell.swift */ = {isa = PBXFileReference; lastKnownFileType = sourcecode.swift; path = RecipeDetailsIngredientsCell.swift; sourceTree = "<group>"; };
		D13246BF295904410055D823 /* RecipeDetails.swift */ = {isa = PBXFileReference; lastKnownFileType = sourcecode.swift; path = RecipeDetails.swift; sourceTree = "<group>"; };
		D13246C12959F54E0055D823 /* User.swift */ = {isa = PBXFileReference; lastKnownFileType = sourcecode.swift; path = User.swift; sourceTree = "<group>"; };
		D13246C32959F5E10055D823 /* Category.swift */ = {isa = PBXFileReference; lastKnownFileType = sourcecode.swift; path = Category.swift; sourceTree = "<group>"; };
		D13246C72959F8930055D823 /* RecipeDetailsInstructionsCell.swift */ = {isa = PBXFileReference; lastKnownFileType = sourcecode.swift; path = RecipeDetailsInstructionsCell.swift; sourceTree = "<group>"; };
		D13246CB295B4D2E0055D823 /* UserLogin.swift */ = {isa = PBXFileReference; lastKnownFileType = sourcecode.swift; path = UserLogin.swift; sourceTree = "<group>"; };
		D13246CD295B5E3C0055D823 /* UserSignUp.swift */ = {isa = PBXFileReference; lastKnownFileType = sourcecode.swift; path = UserSignUp.swift; sourceTree = "<group>"; };
		D1502E0E29577C620015FFA0 /* recipeList.swift */ = {isa = PBXFileReference; lastKnownFileType = sourcecode.swift; path = recipeList.swift; sourceTree = "<group>"; };
		D1502E1029577CC40015FFA0 /* RecipeCell.swift */ = {isa = PBXFileReference; lastKnownFileType = sourcecode.swift; path = RecipeCell.swift; sourceTree = "<group>"; };
		D1502E1229577ED20015FFA0 /* Recipe.swift */ = {isa = PBXFileReference; lastKnownFileType = sourcecode.swift; path = Recipe.swift; sourceTree = "<group>"; };
		D183C005295CCF830079BED2 /* RecipeAppTab.swift */ = {isa = PBXFileReference; lastKnownFileType = sourcecode.swift; path = RecipeAppTab.swift; sourceTree = "<group>"; };
		D183C007295CD0930079BED2 /* RecipeAppNav.swift */ = {isa = PBXFileReference; lastKnownFileType = sourcecode.swift; path = RecipeAppNav.swift; sourceTree = "<group>"; };
		D183C009295CF40A0079BED2 /* AddRecipe.swift */ = {isa = PBXFileReference; lastKnownFileType = sourcecode.swift; path = AddRecipe.swift; sourceTree = "<group>"; };
		D183C00B295CF4310079BED2 /* EditRecipe.swift */ = {isa = PBXFileReference; lastKnownFileType = sourcecode.swift; path = EditRecipe.swift; sourceTree = "<group>"; };
		D183C00D295CF44F0079BED2 /* AddRecipeImageCell.swift */ = {isa = PBXFileReference; lastKnownFileType = sourcecode.swift; path = AddRecipeImageCell.swift; sourceTree = "<group>"; };
		D183C00F295CF4620079BED2 /* EditRecipeImageCell.swift */ = {isa = PBXFileReference; lastKnownFileType = sourcecode.swift; path = EditRecipeImageCell.swift; sourceTree = "<group>"; };
		D183C011295CF4760079BED2 /* AddRecipeNameCell.swift */ = {isa = PBXFileReference; lastKnownFileType = sourcecode.swift; path = AddRecipeNameCell.swift; sourceTree = "<group>"; };
		D183C013295CF4860079BED2 /* EditRecipeNameCell.swift */ = {isa = PBXFileReference; lastKnownFileType = sourcecode.swift; path = EditRecipeNameCell.swift; sourceTree = "<group>"; };
		D183C015295CF49E0079BED2 /* AddRecipeCategoryCell.swift */ = {isa = PBXFileReference; lastKnownFileType = sourcecode.swift; path = AddRecipeCategoryCell.swift; sourceTree = "<group>"; };
		D183C017295CF4B10079BED2 /* EditRecipeCategoryCell.swift */ = {isa = PBXFileReference; lastKnownFileType = sourcecode.swift; path = EditRecipeCategoryCell.swift; sourceTree = "<group>"; };
		D183C019295CF4E50079BED2 /* AddRecipeNutritionCell.swift */ = {isa = PBXFileReference; lastKnownFileType = sourcecode.swift; path = AddRecipeNutritionCell.swift; sourceTree = "<group>"; };
		D183C01B295CF4FB0079BED2 /* EditRecipeNutritionCell.swift */ = {isa = PBXFileReference; lastKnownFileType = sourcecode.swift; path = EditRecipeNutritionCell.swift; sourceTree = "<group>"; };
		D183C01D295CF52F0079BED2 /* AddRecipeIngredientsCell.swift */ = {isa = PBXFileReference; lastKnownFileType = sourcecode.swift; path = AddRecipeIngredientsCell.swift; sourceTree = "<group>"; };
		D183C01F295CF5420079BED2 /* EditRecipeingredientsCell.swift */ = {isa = PBXFileReference; lastKnownFileType = sourcecode.swift; path = EditRecipeingredientsCell.swift; sourceTree = "<group>"; };
		D183C021295CF5650079BED2 /* AddRecipeInstructionsCell.swift */ = {isa = PBXFileReference; lastKnownFileType = sourcecode.swift; path = AddRecipeInstructionsCell.swift; sourceTree = "<group>"; };
		D183C023295CF5750079BED2 /* EditRecipeInstructionsCell.swift */ = {isa = PBXFileReference; lastKnownFileType = sourcecode.swift; path = EditRecipeInstructionsCell.swift; sourceTree = "<group>"; };
		D183C025295F9C640079BED2 /* addRecipeSubmitCell.swift */ = {isa = PBXFileReference; lastKnownFileType = sourcecode.swift; path = addRecipeSubmitCell.swift; sourceTree = "<group>"; };
		D1DC22D72954C7A200FA18DA /* RecipeApp.app */ = {isa = PBXFileReference; explicitFileType = wrapper.application; includeInIndex = 0; path = RecipeApp.app; sourceTree = BUILT_PRODUCTS_DIR; };
		D1DC22DA2954C7A200FA18DA /* AppDelegate.swift */ = {isa = PBXFileReference; lastKnownFileType = sourcecode.swift; path = AppDelegate.swift; sourceTree = "<group>"; };
		D1DC22DC2954C7A200FA18DA /* SceneDelegate.swift */ = {isa = PBXFileReference; lastKnownFileType = sourcecode.swift; path = SceneDelegate.swift; sourceTree = "<group>"; };
		D1DC22E12954C7A200FA18DA /* Base */ = {isa = PBXFileReference; lastKnownFileType = file.storyboard; name = Base; path = Base.lproj/Main.storyboard; sourceTree = "<group>"; };
		D1DC22E32954C7A600FA18DA /* Assets.xcassets */ = {isa = PBXFileReference; lastKnownFileType = folder.assetcatalog; path = Assets.xcassets; sourceTree = "<group>"; };
		D1DC22E62954C7A600FA18DA /* Base */ = {isa = PBXFileReference; lastKnownFileType = file.storyboard; name = Base; path = Base.lproj/LaunchScreen.storyboard; sourceTree = "<group>"; };
		D1DC22E82954C7A600FA18DA /* Info.plist */ = {isa = PBXFileReference; lastKnownFileType = text.plist.xml; path = Info.plist; sourceTree = "<group>"; };
/* End PBXFileReference section */

/* Begin PBXFrameworksBuildPhase section */
		D1DC22D42954C7A200FA18DA /* Frameworks */ = {
			isa = PBXFrameworksBuildPhase;
			buildActionMask = 2147483647;
			files = (
			);
			runOnlyForDeploymentPostprocessing = 0;
		};
/* End PBXFrameworksBuildPhase section */

/* Begin PBXGroup section */
		D1DC22CE2954C7A200FA18DA = {
			isa = PBXGroup;
			children = (
				D1DC22D92954C7A200FA18DA /* RecipeApp */,
				D1DC22D82954C7A200FA18DA /* Products */,
			);
			sourceTree = "<group>";
		};
		D1DC22D82954C7A200FA18DA /* Products */ = {
			isa = PBXGroup;
			children = (
				D1DC22D72954C7A200FA18DA /* RecipeApp.app */,
			);
			name = Products;
			sourceTree = "<group>";
		};
		D1DC22D92954C7A200FA18DA /* RecipeApp */ = {
			isa = PBXGroup;
			children = (
				D1DC22DA2954C7A200FA18DA /* AppDelegate.swift */,
				D1DC22DC2954C7A200FA18DA /* SceneDelegate.swift */,
				D1DC22E02954C7A200FA18DA /* Main.storyboard */,
				D1DC22E32954C7A600FA18DA /* Assets.xcassets */,
				D1DC22E52954C7A600FA18DA /* LaunchScreen.storyboard */,
				D1DC22E82954C7A600FA18DA /* Info.plist */,
				D1032AE129561B2A0092E64B /* HomePageTableViewController.swift */,
				D1032AE3295621600092E64B /* categoryCell.swift */,
				D1032AE529563F4F0092E64B /* AddCategory.swift */,
				D1032AE9295645C00092E64B /* EditCategory.swift */,
				D1502E0E29577C620015FFA0 /* recipeList.swift */,
				D1502E1029577CC40015FFA0 /* RecipeCell.swift */,
				D1502E1229577ED20015FFA0 /* Recipe.swift */,
				D13246B9295903510055D823 /* RecipeDetailsImageCell.swift */,
				D13246BB295903710055D823 /* RecipeDetailsNutritionCell.swift */,
				D13246BD295903B00055D823 /* RecipeDetailsIngredientsCell.swift */,
				D13246BF295904410055D823 /* RecipeDetails.swift */,
				D13246C12959F54E0055D823 /* User.swift */,
				D13246C32959F5E10055D823 /* Category.swift */,
				D13246C72959F8930055D823 /* RecipeDetailsInstructionsCell.swift */,
				D13246CB295B4D2E0055D823 /* UserLogin.swift */,
				D13246CD295B5E3C0055D823 /* UserSignUp.swift */,
				D183C005295CCF830079BED2 /* RecipeAppTab.swift */,
				D183C007295CD0930079BED2 /* RecipeAppNav.swift */,
				D183C009295CF40A0079BED2 /* AddRecipe.swift */,
				D183C00B295CF4310079BED2 /* EditRecipe.swift */,
				D183C00D295CF44F0079BED2 /* AddRecipeImageCell.swift */,
				D183C00F295CF4620079BED2 /* EditRecipeImageCell.swift */,
				D183C011295CF4760079BED2 /* AddRecipeNameCell.swift */,
				D183C013295CF4860079BED2 /* EditRecipeNameCell.swift */,
				D183C015295CF49E0079BED2 /* AddRecipeCategoryCell.swift */,
				D183C017295CF4B10079BED2 /* EditRecipeCategoryCell.swift */,
				D183C019295CF4E50079BED2 /* AddRecipeNutritionCell.swift */,
				D183C01B295CF4FB0079BED2 /* EditRecipeNutritionCell.swift */,
				D183C01D295CF52F0079BED2 /* AddRecipeIngredientsCell.swift */,
				D183C01F295CF5420079BED2 /* EditRecipeingredientsCell.swift */,
				D183C021295CF5650079BED2 /* AddRecipeInstructionsCell.swift */,
				D183C023295CF5750079BED2 /* EditRecipeInstructionsCell.swift */,
				D183C025295F9C640079BED2 /* addRecipeSubmitCell.swift */,
			);
			path = RecipeApp;
			sourceTree = "<group>";
		};
/* End PBXGroup section */

/* Begin PBXNativeTarget section */
		D1DC22D62954C7A200FA18DA /* RecipeApp */ = {
			isa = PBXNativeTarget;
			buildConfigurationList = D1DC22EB2954C7A600FA18DA /* Build configuration list for PBXNativeTarget "RecipeApp" */;
			buildPhases = (
				D1DC22D32954C7A200FA18DA /* Sources */,
				D1DC22D42954C7A200FA18DA /* Frameworks */,
				D1DC22D52954C7A200FA18DA /* Resources */,
			);
			buildRules = (
			);
			dependencies = (
			);
			name = RecipeApp;
			productName = RecipeApp;
			productReference = D1DC22D72954C7A200FA18DA /* RecipeApp.app */;
			productType = "com.apple.product-type.application";
		};
/* End PBXNativeTarget section */

/* Begin PBXProject section */
		D1DC22CF2954C7A200FA18DA /* Project object */ = {
			isa = PBXProject;
			attributes = {
				BuildIndependentTargetsInParallel = 1;
				LastSwiftUpdateCheck = 1400;
				LastUpgradeCheck = 1400;
				TargetAttributes = {
					D1DC22D62954C7A200FA18DA = {
						CreatedOnToolsVersion = 14.0.1;
					};
				};
			};
			buildConfigurationList = D1DC22D22954C7A200FA18DA /* Build configuration list for PBXProject "RecipeApp" */;
			compatibilityVersion = "Xcode 14.0";
			developmentRegion = en;
			hasScannedForEncodings = 0;
			knownRegions = (
				en,
				Base,
			);
			mainGroup = D1DC22CE2954C7A200FA18DA;
			productRefGroup = D1DC22D82954C7A200FA18DA /* Products */;
			projectDirPath = "";
			projectRoot = "";
			targets = (
				D1DC22D62954C7A200FA18DA /* RecipeApp */,
			);
		};
/* End PBXProject section */

/* Begin PBXResourcesBuildPhase section */
		D1DC22D52954C7A200FA18DA /* Resources */ = {
			isa = PBXResourcesBuildPhase;
			buildActionMask = 2147483647;
			files = (
				D1DC22E72954C7A600FA18DA /* LaunchScreen.storyboard in Resources */,
				D1DC22E42954C7A600FA18DA /* Assets.xcassets in Resources */,
				D1DC22E22954C7A200FA18DA /* Main.storyboard in Resources */,
			);
			runOnlyForDeploymentPostprocessing = 0;
		};
/* End PBXResourcesBuildPhase section */

/* Begin PBXSourcesBuildPhase section */
		D1DC22D32954C7A200FA18DA /* Sources */ = {
			isa = PBXSourcesBuildPhase;
			buildActionMask = 2147483647;
			files = (
				D183C014295CF4860079BED2 /* EditRecipeNameCell.swift in Sources */,
				D1DC22DB2954C7A200FA18DA /* AppDelegate.swift in Sources */,
				D13246CC295B4D2E0055D823 /* UserLogin.swift in Sources */,
				D183C016295CF49E0079BED2 /* AddRecipeCategoryCell.swift in Sources */,
				D1DC22DD2954C7A200FA18DA /* SceneDelegate.swift in Sources */,
				D13246BE295903B00055D823 /* RecipeDetailsIngredientsCell.swift in Sources */,
				D183C024295CF5750079BED2 /* EditRecipeInstructionsCell.swift in Sources */,
				D1502E1129577CC40015FFA0 /* RecipeCell.swift in Sources */,
				D183C01E295CF52F0079BED2 /* AddRecipeIngredientsCell.swift in Sources */,
				D13246BA295903510055D823 /* RecipeDetailsImageCell.swift in Sources */,
				D1032AE229561B2A0092E64B /* HomePageTableViewController.swift in Sources */,
				D13246C42959F5E10055D823 /* Category.swift in Sources */,
				D183C022295CF5650079BED2 /* AddRecipeInstructionsCell.swift in Sources */,
				D1032AE4295621600092E64B /* categoryCell.swift in Sources */,
				D183C01A295CF4E50079BED2 /* AddRecipeNutritionCell.swift in Sources */,
				D183C00C295CF4310079BED2 /* EditRecipe.swift in Sources */,
				D13246C22959F54E0055D823 /* User.swift in Sources */,
				D13246CE295B5E3D0055D823 /* UserSignUp.swift in Sources */,
				D183C026295F9C640079BED2 /* addRecipeSubmitCell.swift in Sources */,
				D183C008295CD0930079BED2 /* RecipeAppNav.swift in Sources */,
				D183C018295CF4B10079BED2 /* EditRecipeCategoryCell.swift in Sources */,
				D183C00E295CF44F0079BED2 /* AddRecipeImageCell.swift in Sources */,
				D1032AEA295645C00092E64B /* EditCategory.swift in Sources */,
				D183C020295CF5420079BED2 /* EditRecipeingredientsCell.swift in Sources */,
				D1032AE629563F4F0092E64B /* AddCategory.swift in Sources */,
				D183C012295CF4760079BED2 /* AddRecipeNameCell.swift in Sources */,
				D13246BC295903720055D823 /* RecipeDetailsNutritionCell.swift in Sources */,
				D183C00A295CF40A0079BED2 /* AddRecipe.swift in Sources */,
				D1502E0F29577C620015FFA0 /* recipeList.swift in Sources */,
				D183C01C295CF4FB0079BED2 /* EditRecipeNutritionCell.swift in Sources */,
				D13246C0295904410055D823 /* RecipeDetails.swift in Sources */,
				D1502E1329577ED20015FFA0 /* Recipe.swift in Sources */,
				D183C010295CF4620079BED2 /* EditRecipeImageCell.swift in Sources */,
				D183C006295CCF830079BED2 /* RecipeAppTab.swift in Sources */,
				D13246C82959F8930055D823 /* RecipeDetailsInstructionsCell.swift in Sources */,
			);
			runOnlyForDeploymentPostprocessing = 0;
		};
/* End PBXSourcesBuildPhase section */

/* Begin PBXVariantGroup section */
		D1DC22E02954C7A200FA18DA /* Main.storyboard */ = {
			isa = PBXVariantGroup;
			children = (
				D1DC22E12954C7A200FA18DA /* Base */,
			);
			name = Main.storyboard;
			sourceTree = "<group>";
		};
		D1DC22E52954C7A600FA18DA /* LaunchScreen.storyboard */ = {
			isa = PBXVariantGroup;
			children = (
				D1DC22E62954C7A600FA18DA /* Base */,
			);
			name = LaunchScreen.storyboard;
			sourceTree = "<group>";
		};
/* End PBXVariantGroup section */

/* Begin XCBuildConfiguration section */
		D1DC22E92954C7A600FA18DA /* Debug */ = {
			isa = XCBuildConfiguration;
			buildSettings = {
				ALWAYS_SEARCH_USER_PATHS = NO;
				CLANG_ANALYZER_NONNULL = YES;
				CLANG_ANALYZER_NUMBER_OBJECT_CONVERSION = YES_AGGRESSIVE;
				CLANG_CXX_LANGUAGE_STANDARD = "gnu++20";
				CLANG_ENABLE_MODULES = YES;
				CLANG_ENABLE_OBJC_ARC = YES;
				CLANG_ENABLE_OBJC_WEAK = YES;
				CLANG_WARN_BLOCK_CAPTURE_AUTORELEASING = YES;
				CLANG_WARN_BOOL_CONVERSION = YES;
				CLANG_WARN_COMMA = YES;
				CLANG_WARN_CONSTANT_CONVERSION = YES;
				CLANG_WARN_DEPRECATED_OBJC_IMPLEMENTATIONS = YES;
				CLANG_WARN_DIRECT_OBJC_ISA_USAGE = YES_ERROR;
				CLANG_WARN_DOCUMENTATION_COMMENTS = YES;
				CLANG_WARN_EMPTY_BODY = YES;
				CLANG_WARN_ENUM_CONVERSION = YES;
				CLANG_WARN_INFINITE_RECURSION = YES;
				CLANG_WARN_INT_CONVERSION = YES;
				CLANG_WARN_NON_LITERAL_NULL_CONVERSION = YES;
				CLANG_WARN_OBJC_IMPLICIT_RETAIN_SELF = YES;
				CLANG_WARN_OBJC_LITERAL_CONVERSION = YES;
				CLANG_WARN_OBJC_ROOT_CLASS = YES_ERROR;
				CLANG_WARN_QUOTED_INCLUDE_IN_FRAMEWORK_HEADER = YES;
				CLANG_WARN_RANGE_LOOP_ANALYSIS = YES;
				CLANG_WARN_STRICT_PROTOTYPES = YES;
				CLANG_WARN_SUSPICIOUS_MOVE = YES;
				CLANG_WARN_UNGUARDED_AVAILABILITY = YES_AGGRESSIVE;
				CLANG_WARN_UNREACHABLE_CODE = YES;
				CLANG_WARN__DUPLICATE_METHOD_MATCH = YES;
				COPY_PHASE_STRIP = NO;
				DEBUG_INFORMATION_FORMAT = dwarf;
				ENABLE_STRICT_OBJC_MSGSEND = YES;
				ENABLE_TESTABILITY = YES;
				GCC_C_LANGUAGE_STANDARD = gnu11;
				GCC_DYNAMIC_NO_PIC = NO;
				GCC_NO_COMMON_BLOCKS = YES;
				GCC_OPTIMIZATION_LEVEL = 0;
				GCC_PREPROCESSOR_DEFINITIONS = (
					"DEBUG=1",
					"$(inherited)",
				);
				GCC_WARN_64_TO_32_BIT_CONVERSION = YES;
				GCC_WARN_ABOUT_RETURN_TYPE = YES_ERROR;
				GCC_WARN_UNDECLARED_SELECTOR = YES;
				GCC_WARN_UNINITIALIZED_AUTOS = YES_AGGRESSIVE;
				GCC_WARN_UNUSED_FUNCTION = YES;
				GCC_WARN_UNUSED_VARIABLE = YES;
				IPHONEOS_DEPLOYMENT_TARGET = 16.0;
				MTL_ENABLE_DEBUG_INFO = INCLUDE_SOURCE;
				MTL_FAST_MATH = YES;
				ONLY_ACTIVE_ARCH = YES;
				SDKROOT = iphoneos;
				SWIFT_ACTIVE_COMPILATION_CONDITIONS = DEBUG;
				SWIFT_OPTIMIZATION_LEVEL = "-Onone";
			};
			name = Debug;
		};
		D1DC22EA2954C7A600FA18DA /* Release */ = {
			isa = XCBuildConfiguration;
			buildSettings = {
				ALWAYS_SEARCH_USER_PATHS = NO;
				CLANG_ANALYZER_NONNULL = YES;
				CLANG_ANALYZER_NUMBER_OBJECT_CONVERSION = YES_AGGRESSIVE;
				CLANG_CXX_LANGUAGE_STANDARD = "gnu++20";
				CLANG_ENABLE_MODULES = YES;
				CLANG_ENABLE_OBJC_ARC = YES;
				CLANG_ENABLE_OBJC_WEAK = YES;
				CLANG_WARN_BLOCK_CAPTURE_AUTORELEASING = YES;
				CLANG_WARN_BOOL_CONVERSION = YES;
				CLANG_WARN_COMMA = YES;
				CLANG_WARN_CONSTANT_CONVERSION = YES;
				CLANG_WARN_DEPRECATED_OBJC_IMPLEMENTATIONS = YES;
				CLANG_WARN_DIRECT_OBJC_ISA_USAGE = YES_ERROR;
				CLANG_WARN_DOCUMENTATION_COMMENTS = YES;
				CLANG_WARN_EMPTY_BODY = YES;
				CLANG_WARN_ENUM_CONVERSION = YES;
				CLANG_WARN_INFINITE_RECURSION = YES;
				CLANG_WARN_INT_CONVERSION = YES;
				CLANG_WARN_NON_LITERAL_NULL_CONVERSION = YES;
				CLANG_WARN_OBJC_IMPLICIT_RETAIN_SELF = YES;
				CLANG_WARN_OBJC_LITERAL_CONVERSION = YES;
				CLANG_WARN_OBJC_ROOT_CLASS = YES_ERROR;
				CLANG_WARN_QUOTED_INCLUDE_IN_FRAMEWORK_HEADER = YES;
				CLANG_WARN_RANGE_LOOP_ANALYSIS = YES;
				CLANG_WARN_STRICT_PROTOTYPES = YES;
				CLANG_WARN_SUSPICIOUS_MOVE = YES;
				CLANG_WARN_UNGUARDED_AVAILABILITY = YES_AGGRESSIVE;
				CLANG_WARN_UNREACHABLE_CODE = YES;
				CLANG_WARN__DUPLICATE_METHOD_MATCH = YES;
				COPY_PHASE_STRIP = NO;
				DEBUG_INFORMATION_FORMAT = "dwarf-with-dsym";
				ENABLE_NS_ASSERTIONS = NO;
				ENABLE_STRICT_OBJC_MSGSEND = YES;
				GCC_C_LANGUAGE_STANDARD = gnu11;
				GCC_NO_COMMON_BLOCKS = YES;
				GCC_WARN_64_TO_32_BIT_CONVERSION = YES;
				GCC_WARN_ABOUT_RETURN_TYPE = YES_ERROR;
				GCC_WARN_UNDECLARED_SELECTOR = YES;
				GCC_WARN_UNINITIALIZED_AUTOS = YES_AGGRESSIVE;
				GCC_WARN_UNUSED_FUNCTION = YES;
				GCC_WARN_UNUSED_VARIABLE = YES;
				IPHONEOS_DEPLOYMENT_TARGET = 16.0;
				MTL_ENABLE_DEBUG_INFO = NO;
				MTL_FAST_MATH = YES;
				SDKROOT = iphoneos;
				SWIFT_COMPILATION_MODE = wholemodule;
				SWIFT_OPTIMIZATION_LEVEL = "-O";
				VALIDATE_PRODUCT = YES;
			};
			name = Release;
		};
		D1DC22EC2954C7A600FA18DA /* Debug */ = {
			isa = XCBuildConfiguration;
			buildSettings = {
				ASSETCATALOG_COMPILER_APPICON_NAME = AppIcon;
				ASSETCATALOG_COMPILER_GLOBAL_ACCENT_COLOR_NAME = AccentColor;
				CODE_SIGN_STYLE = Automatic;
				CURRENT_PROJECT_VERSION = 1;
				GENERATE_INFOPLIST_FILE = YES;
				INFOPLIST_FILE = RecipeApp/Info.plist;
				INFOPLIST_KEY_UIApplicationSupportsIndirectInputEvents = YES;
				INFOPLIST_KEY_UILaunchStoryboardName = LaunchScreen;
				INFOPLIST_KEY_UIMainStoryboardFile = Main;
				INFOPLIST_KEY_UISupportedInterfaceOrientations_iPad = "UIInterfaceOrientationPortrait UIInterfaceOrientationPortraitUpsideDown UIInterfaceOrientationLandscapeLeft UIInterfaceOrientationLandscapeRight";
				INFOPLIST_KEY_UISupportedInterfaceOrientations_iPhone = "UIInterfaceOrientationPortrait UIInterfaceOrientationLandscapeLeft UIInterfaceOrientationLandscapeRight";
				LD_RUNPATH_SEARCH_PATHS = (
					"$(inherited)",
					"@executable_path/Frameworks",
				);
				MARKETING_VERSION = 1.0;
				PRODUCT_BUNDLE_IDENTIFIER = bh.polytechnic.RecipeApp;
				PRODUCT_NAME = "$(TARGET_NAME)";
				SWIFT_EMIT_LOC_STRINGS = YES;
				SWIFT_VERSION = 5.0;
				TARGETED_DEVICE_FAMILY = "1,2";
			};
			name = Debug;
		};
		D1DC22ED2954C7A600FA18DA /* Release */ = {
			isa = XCBuildConfiguration;
			buildSettings = {
				ASSETCATALOG_COMPILER_APPICON_NAME = AppIcon;
				ASSETCATALOG_COMPILER_GLOBAL_ACCENT_COLOR_NAME = AccentColor;
				CODE_SIGN_STYLE = Automatic;
				CURRENT_PROJECT_VERSION = 1;
				GENERATE_INFOPLIST_FILE = YES;
				INFOPLIST_FILE = RecipeApp/Info.plist;
				INFOPLIST_KEY_UIApplicationSupportsIndirectInputEvents = YES;
				INFOPLIST_KEY_UILaunchStoryboardName = LaunchScreen;
				INFOPLIST_KEY_UIMainStoryboardFile = Main;
				INFOPLIST_KEY_UISupportedInterfaceOrientations_iPad = "UIInterfaceOrientationPortrait UIInterfaceOrientationPortraitUpsideDown UIInterfaceOrientationLandscapeLeft UIInterfaceOrientationLandscapeRight";
				INFOPLIST_KEY_UISupportedInterfaceOrientations_iPhone = "UIInterfaceOrientationPortrait UIInterfaceOrientationLandscapeLeft UIInterfaceOrientationLandscapeRight";
				LD_RUNPATH_SEARCH_PATHS = (
					"$(inherited)",
					"@executable_path/Frameworks",
				);
				MARKETING_VERSION = 1.0;
				PRODUCT_BUNDLE_IDENTIFIER = bh.polytechnic.RecipeApp;
				PRODUCT_NAME = "$(TARGET_NAME)";
				SWIFT_EMIT_LOC_STRINGS = YES;
				SWIFT_VERSION = 5.0;
				TARGETED_DEVICE_FAMILY = "1,2";
			};
			name = Release;
		};
/* End XCBuildConfiguration section */

/* Begin XCConfigurationList section */
		D1DC22D22954C7A200FA18DA /* Build configuration list for PBXProject "RecipeApp" */ = {
			isa = XCConfigurationList;
			buildConfigurations = (
				D1DC22E92954C7A600FA18DA /* Debug */,
				D1DC22EA2954C7A600FA18DA /* Release */,
			);
			defaultConfigurationIsVisible = 0;
			defaultConfigurationName = Release;
		};
		D1DC22EB2954C7A600FA18DA /* Build configuration list for PBXNativeTarget "RecipeApp" */ = {
			isa = XCConfigurationList;
			buildConfigurations = (
				D1DC22EC2954C7A600FA18DA /* Debug */,
				D1DC22ED2954C7A600FA18DA /* Release */,
			);
			defaultConfigurationIsVisible = 0;
			defaultConfigurationName = Release;
		};
/* End XCConfigurationList section */
	};
	rootObject = D1DC22CF2954C7A200FA18DA /* Project object */;
}
